
Microsoft Visual Studio Solution File, Format Version 12.00
# Visual Studio 15
VisualStudioVersion = 15.0.28307.329
MinimumVisualStudioVersion = 10.0.40219.1
Project("{FAE04EC0-301F-11D3-BF4B-00C04F79EFBC}") = "WSMTXCA_SRV", "WSMTXCA_SRV.csproj", "{BA28AC03-5A05-4E78-AA58-7239E519339A}"
EndProject
Global
	GlobalSection(SolutionConfigurationPlatforms) = preSolution
		Debug|Any CPU = Debug|Any CPU
		Release|Any CPU = Release|Any CPU
	EndGlobalSection
	GlobalSection(ProjectConfigurationPlatforms) = postSolution
		{BA28AC03-5A05-4E78-AA58-7239E519339A}.Debug|Any CPU.ActiveCfg = Debug|Any CPU
		{BA28AC03-5A05-4E78-AA58-7239E519339A}.Debug|Any CPU.Build.0 = Debug|Any CPU
		{BA28AC03-5A05-4E78-AA58-7239E519339A}.Release|Any CPU.ActiveCfg = Release|Any CPU
		{BA28AC03-5A05-4E78-AA58-7239E519339A}.Release|Any CPU.Build.0 = Release|Any CPU
	EndGlobalSection
	GlobalSection(SolutionProperties) = preSolution
		HideSolutionNode = FALSE
	EndGlobalSection
	GlobalSection(ExtensibilityGlobals) = postSolution
		SolutionGuid = {2092186A-641C-4C40-837B-FF9DF8CC69A4}
	EndGlobalSection
EndGlobal
